dependencies:
- name: openebs
  repository: https://openebs.github.io/charts
  version: 3.0.0
- name: chaos-mesh
  repository: https://charts.chaos-mesh.org
  version: 2.1.2
- name: sonarqube
  repository: https://SonarSource.github.io/helm-chart-sonarqube
  version: 1.2.1+162
digest: sha256:984d6456390c8f785a9f1ce82a08714eb73b5e17e75a868370a7dc5b103143ee
generated: "2022-01-09T21:20:23.270456593+02:00"
