dependencies:
- name: observability
  repository: https://carv-ics-forth.github.io/frisbee/charts
  version: 0.1.1
- name: sysmon
  repository: https://carv-ics-forth.github.io/frisbee/charts
  version: 0.1.1
- name: ycsbmon
  repository: https://carv-ics-forth.github.io/frisbee/charts
  version: 0.1.1
digest: sha256:e85d61fa0aa25fe98be79dfaaaaf46ac17b2560302af79c6eeec8cb869402fab
generated: "2021-11-13T01:47:52.784724017+02:00"
